{
  "name": "custom",
  "version": "1.0.0",
  "lockfileVersion": 3,
  "requires": true,
  "packages": {
    "": {
      "name": "custom",
      "version": "1.0.0",
      "license": "ISC",
      "dependencies": {
        "country-list": "^2.4.1",
        "iso-639-1": "^3.1.5"
      },
      "devDependencies": {
        "flag-icon-css": "^4.1.7"
      }
    },
    "node_modules/country-list": {
      "version": "2.4.1",
      "resolved": "https://registry.npmjs.org/country-list/-/country-list-2.4.1.tgz",
      "integrity": "sha512-KhVV/UfUV3dSNpsWIqHTQxLpYDKPKz1UwkRjadt+YbX2PRhyCEihEoS5XgB7J7AMXpkicvl+tRHvkNI5wbji/g==",
      "license": "MIT"
    },
    "node_modules/flag-icon-css": {
      "version": "4.1.7",
      "resolved": "https://registry.npmjs.org/flag-icon-css/-/flag-icon-css-4.1.7.tgz",
      "integrity": "sha512-AFjSU+fv98XbU0vnTQ32vcLj89UEr1MhwDFcooQv14qWJCjg9fGZzfh9BVyDhAhIOZW/pGmJmq38RqpgPaeybQ==",
      "deprecated": "The project has been renamed to flag-icons",
      "dev": true,
      "license": "MIT"
    },
    "node_modules/iso-639-1": {
      "version": "3.1.5",
      "resolved": "https://registry.npmjs.org/iso-639-1/-/iso-639-1-3.1.5.tgz",
      "integrity": "sha512-gXkz5+KN7HrG0Q5UGqSMO2qB9AsbEeyLP54kF1YrMsIxmu+g4BdB7rflReZTSTZGpfj8wywu6pfPBCylPIzGQA==",
      "license": "MIT",
      "engines": {
        "node": ">=6.0"
      }
    }
  }
}
